
Microsoft Visual Studio Solution File, Format Version 12.00
# Visual Studio Version 17
VisualStudioVersion = 17.4.33213.308
MinimumVisualStudioVersion = 10.0.40219.1
Project("{FAE04EC0-301F-11D3-BF4B-00C04F79EFBC}") = "FirstWeb", "FirstWeb\FirstWeb.csproj", "{B43AE820-CACC-47E6-81D1-B72A8B57DDEE}"
EndProject
Global
	GlobalSection(SolutionConfigurationPlatforms) = preSolution
		Debug|Any CPU = Debug|Any CPU
		Release|Any CPU = Release|Any CPU
	EndGlobalSection
	GlobalSection(ProjectConfigurationPlatforms) = postSolution
		{B43AE820-CACC-47E6-81D1-B72A8B57DDEE}.Debug|Any CPU.ActiveCfg = Debug|Any CPU
		{B43AE820-CACC-47E6-81D1-B72A8B57DDEE}.Debug|Any CPU.Build.0 = Debug|Any CPU
		{B43AE820-CACC-47E6-81D1-B72A8B57DDEE}.Release|Any CPU.ActiveCfg = Release|Any CPU
		{B43AE820-CACC-47E6-81D1-B72A8B57DDEE}.Release|Any CPU.Build.0 = Release|Any CPU
	EndGlobalSection
	GlobalSection(SolutionProperties) = preSolution
		HideSolutionNode = FALSE
	EndGlobalSection
	GlobalSection(ExtensibilityGlobals) = postSolution
		SolutionGuid = {E3E720B1-D4B5-49F9-8C9D-FE9535D80C0D}
	EndGlobalSection
EndGlobal
