
Microsoft Visual Studio Solution File, Format Version 12.00
# Visual Studio Version 17
VisualStudioVersion = 17.4.33213.308
MinimumVisualStudioVersion = 10.0.40219.1
Project("{FAE04EC0-301F-11D3-BF4B-00C04F79EFBC}") = "ASPCoreStudy", "ASPCoreStudy\ASPCoreStudy.csproj", "{FD42E784-CE15-44A5-AD4B-B3F7175C4084}"
EndProject
Global
	GlobalSection(SolutionConfigurationPlatforms) = preSolution
		Debug|Any CPU = Debug|Any CPU
		Release|Any CPU = Release|Any CPU
	EndGlobalSection
	GlobalSection(ProjectConfigurationPlatforms) = postSolution
		{FD42E784-CE15-44A5-AD4B-B3F7175C4084}.Debug|Any CPU.ActiveCfg = Debug|Any CPU
		{FD42E784-CE15-44A5-AD4B-B3F7175C4084}.Debug|Any CPU.Build.0 = Debug|Any CPU
		{FD42E784-CE15-44A5-AD4B-B3F7175C4084}.Release|Any CPU.ActiveCfg = Release|Any CPU
		{FD42E784-CE15-44A5-AD4B-B3F7175C4084}.Release|Any CPU.Build.0 = Release|Any CPU
	EndGlobalSection
	GlobalSection(SolutionProperties) = preSolution
		HideSolutionNode = FALSE
	EndGlobalSection
	GlobalSection(ExtensibilityGlobals) = postSolution
		SolutionGuid = {6D34BBE8-B8FA-446E-A898-B83925982C7C}
	EndGlobalSection
EndGlobal
